
Microsoft Visual Studio Solution File, Format Version 12.00
# Visual Studio Version 17
VisualStudioVersion = 17.2.32616.157
MinimumVisualStudioVersion = 10.0.40219.1
Project("{9A19103F-16F7-4668-BE54-9A1E7A4F7556}") = "Perceptron", "Perceptron\Perceptron.csproj", "{30EC4D4C-C94C-4B2E-88EF-8956FF420B58}"
EndProject
Project("{FAE04EC0-301F-11D3-BF4B-00C04F79EFBC}") = "Lab3", "Lab3\Lab3.csproj", "{00CB1CEA-E2B4-42C8-9E8E-2994C5870041}"
EndProject
Global
	GlobalSection(SolutionConfigurationPlatforms) = preSolution
		Debug|Any CPU = Debug|Any CPU
		Release|Any CPU = Release|Any CPU
	EndGlobalSection
	GlobalSection(ProjectConfigurationPlatforms) = postSolution
		{30EC4D4C-C94C-4B2E-88EF-8956FF420B58}.Debug|Any CPU.ActiveCfg = Debug|Any CPU
		{30EC4D4C-C94C-4B2E-88EF-8956FF420B58}.Debug|Any CPU.Build.0 = Debug|Any CPU
		{30EC4D4C-C94C-4B2E-88EF-8956FF420B58}.Release|Any CPU.ActiveCfg = Release|Any CPU
		{30EC4D4C-C94C-4B2E-88EF-8956FF420B58}.Release|Any CPU.Build.0 = Release|Any CPU
		{00CB1CEA-E2B4-42C8-9E8E-2994C5870041}.Debug|Any CPU.ActiveCfg = Debug|Any CPU
		{00CB1CEA-E2B4-42C8-9E8E-2994C5870041}.Debug|Any CPU.Build.0 = Debug|Any CPU
		{00CB1CEA-E2B4-42C8-9E8E-2994C5870041}.Release|Any CPU.ActiveCfg = Release|Any CPU
		{00CB1CEA-E2B4-42C8-9E8E-2994C5870041}.Release|Any CPU.Build.0 = Release|Any CPU
	EndGlobalSection
	GlobalSection(SolutionProperties) = preSolution
		HideSolutionNode = FALSE
	EndGlobalSection
	GlobalSection(ExtensibilityGlobals) = postSolution
		SolutionGuid = {1B180C17-F815-4D34-A6EF-208B5A7CA6FC}
	EndGlobalSection
EndGlobal
